// !$*UTF8*$!
{
	archiveVersion = 1;
	classes = {
	};
	objectVersion = 46;
	objects = {

/* Begin PBXBuildFile section */
		050A28711852D506000B140D /* MapViewController.m in Sources */ = {isa = PBXBuildFile; fileRef = 050A28701852D506000B140D /* MapViewController.m */; };
		050A290F18571B49000B140D /* dot1@2x.png in Resources */ = {isa = PBXBuildFile; fileRef = 050A290E18571B49000B140D /* dot1@2x.png */; };
		050A291218571DED000B140D /* RSAnnotation.m in Sources */ = {isa = PBXBuildFile; fileRef = 050A291118571DED000B140D /* RSAnnotation.m */; };
		050A29141857263F000B140D /* distance@2x.png in Resources */ = {isa = PBXBuildFile; fileRef = 050A29131857263F000B140D /* distance@2x.png */; };
		0512A3F11786DA1B00CBFFC7 /* RSSpot.m in Sources */ = {isa = PBXBuildFile; fileRef = 0512A3F01786DA1B00CBFFC7 /* RSSpot.m */; };
		0512A3F41787FA6700CBFFC7 /* RSSpotManager.m in Sources */ = {isa = PBXBuildFile; fileRef = 0512A3F31787FA6600CBFFC7 /* RSSpotManager.m */; };
		0512A3F81788024F00CBFFC7 /* RSButton.m in Sources */ = {isa = PBXBuildFile; fileRef = 0512A3F71788024F00CBFFC7 /* RSButton.m */; };
		0525257F178303B9001485A8 /* RSDBClient.m in Sources */ = {isa = PBXBuildFile; fileRef = 0525257E178303B9001485A8 /* RSDBClient.m */; };
		05322D0D1773068D000AA1ED /* RSLocations.m in Sources */ = {isa = PBXBuildFile; fileRef = 05322D0C1773068D000AA1ED /* RSLocations.m */; };
		05322D111773069B000AA1ED /* MainViewController.m in Sources */ = {isa = PBXBuildFile; fileRef = 05322D101773069B000AA1ED /* MainViewController.m */; };
		05322D14177306F2000AA1ED /* RSLocation.m in Sources */ = {isa = PBXBuildFile; fileRef = 05322D13177306F2000AA1ED /* RSLocation.m */; };
		05322D1717730713000AA1ED /* RSLocationManager.m in Sources */ = {isa = PBXBuildFile; fileRef = 05322D1617730713000AA1ED /* RSLocationManager.m */; };
		0536417B178D9EA500E88939 /* bt_add@2x.png in Resources */ = {isa = PBXBuildFile; fileRef = 05364179178D9EA500E88939 /* bt_add@2x.png */; };
		0536417C178D9EA500E88939 /* bt_back@2x.png in Resources */ = {isa = PBXBuildFile; fileRef = 0536417A178D9EA500E88939 /* bt_back@2x.png */; };
		0536417E178D9EC200E88939 /* navigationBar@2x.png in Resources */ = {isa = PBXBuildFile; fileRef = 0536417D178D9EC200E88939 /* navigationBar@2x.png */; };
		054DF00617CA0BA700DBCAC6 /* libGoogleAnalytics.a in Frameworks */ = {isa = PBXBuildFile; fileRef = 054DF00517CA0BA700DBCAC6 /* libGoogleAnalytics.a */; };
		055D3AC1185C23BF0050C9EA /* back_black@2x.png in Resources */ = {isa = PBXBuildFile; fileRef = 055D3AC0185C23BF0050C9EA /* back_black@2x.png */; };
		055D3AC4185C401A0050C9EA /* RSAllertViewController.m in Sources */ = {isa = PBXBuildFile; fileRef = 055D3AC3185C401A0050C9EA /* RSAllertViewController.m */; };
		0580A4A2178AD10F0057AF7D /* arrow@2x.png in Resources */ = {isa = PBXBuildFile; fileRef = 0580A49A178AD10F0057AF7D /* arrow@2x.png */; };
		0580A4A3178AD10F0057AF7D /* bt_delete@2x.png in Resources */ = {isa = PBXBuildFile; fileRef = 0580A49B178AD10F0057AF7D /* bt_delete@2x.png */; };
		0580A4A4178AD10F0057AF7D /* bt_list@2x.png in Resources */ = {isa = PBXBuildFile; fileRef = 0580A49C178AD10F0057AF7D /* bt_list@2x.png */; };
		0580A4A5178AD10F0057AF7D /* bt_search@2x.png in Resources */ = {isa = PBXBuildFile; fileRef = 0580A49D178AD10F0057AF7D /* bt_search@2x.png */; };
		0580A4A6178AD10F0057AF7D /* bt_setting@2x.png in Resources */ = {isa = PBXBuildFile; fileRef = 0580A49E178AD10F0057AF7D /* bt_setting@2x.png */; };
		0580A4A7178AD10F0057AF7D /* coloer_blow@2x.png in Resources */ = {isa = PBXBuildFile; fileRef = 0580A49F178AD10F0057AF7D /* coloer_blow@2x.png */; };
		0580A4A8178AD10F0057AF7D /* color_upper@2x.png in Resources */ = {isa = PBXBuildFile; fileRef = 0580A4A0178AD10F0057AF7D /* color_upper@2x.png */; };
		0580A4A9178AD10F0057AF7D /* separator@2x.png in Resources */ = {isa = PBXBuildFile; fileRef = 0580A4A1178AD10F0057AF7D /* separator@2x.png */; };
		05819F611795676600425D77 /* CoreData.framework in Frameworks */ = {isa = PBXBuildFile; fileRef = 05819F5F1795674900425D77 /* CoreData.framework */; };
		05819F641795677800425D77 /* SystemConfiguration.framework in Frameworks */ = {isa = PBXBuildFile; fileRef = 05819F621795677000425D77 /* SystemConfiguration.framework */; };
		05E1281E1769CD140093C097 /* UIKit.framework in Frameworks */ = {isa = PBXBuildFile; fileRef = 05E1281D1769CD140093C097 /* UIKit.framework */; };
		05E128201769CD140093C097 /* Foundation.framework in Frameworks */ = {isa = PBXBuildFile; fileRef = 05E1281F1769CD140093C097 /* Foundation.framework */; };
		05E128221769CD140093C097 /* CoreGraphics.framework in Frameworks */ = {isa = PBXBuildFile; fileRef = 05E128211769CD140093C097 /* CoreGraphics.framework */; };
		05E128281769CD140093C097 /* InfoPlist.strings in Resources */ = {isa = PBXBuildFile; fileRef = 05E128261769CD140093C097 /* InfoPlist.strings */; };
		05E1282A1769CD140093C097 /* main.m in Sources */ = {isa = PBXBuildFile; fileRef = 05E128291769CD140093C097 /* main.m */; };
		05E1282E1769CD140093C097 /* AppDelegate.m in Sources */ = {isa = PBXBuildFile; fileRef = 05E1282D1769CD140093C097 /* AppDelegate.m */; };
		05E128301769CD140093C097 /* Default.png in Resources */ = {isa = PBXBuildFile; fileRef = 05E1282F1769CD140093C097 /* Default.png */; };
		05E128321769CD140093C097 /* Default@2x.png in Resources */ = {isa = PBXBuildFile; fileRef = 05E128311769CD140093C097 /* Default@2x.png */; };
		05E128341769CD140093C097 /* Default-568h@2x.png in Resources */ = {isa = PBXBuildFile; fileRef = 05E128331769CD140093C097 /* Default-568h@2x.png */; };
		05E128371769CD140093C097 /* MainStoryboard.storyboard in Resources */ = {isa = PBXBuildFile; fileRef = 05E128351769CD140093C097 /* MainStoryboard.storyboard */; };
		05E128411769CD760093C097 /* MapKit.framework in Frameworks */ = {isa = PBXBuildFile; fileRef = 05E128401769CD760093C097 /* MapKit.framework */; };
		05E128491769E6A30093C097 /* CoreLocation.framework in Frameworks */ = {isa = PBXBuildFile; fileRef = 05E128481769E6A30093C097 /* CoreLocation.framework */; };
		05E5DE091859B812000545AE /* btn_back@2x.png in Resources */ = {isa = PBXBuildFile; fileRef = 05E5DDFF1859B812000545AE /* btn_back@2x.png */; };
		05E5DE0A1859B812000545AE /* btn_clear@2x.png in Resources */ = {isa = PBXBuildFile; fileRef = 05E5DE001859B812000545AE /* btn_clear@2x.png */; };
		05E5DE0B1859B812000545AE /* btn_list@2x.png in Resources */ = {isa = PBXBuildFile; fileRef = 05E5DE011859B812000545AE /* btn_list@2x.png */; };
		05E5DE0C1859B812000545AE /* btn_map1_off@2x.png in Resources */ = {isa = PBXBuildFile; fileRef = 05E5DE021859B812000545AE /* btn_map1_off@2x.png */; };
		05E5DE0D1859B812000545AE /* btn_map1@2x.png in Resources */ = {isa = PBXBuildFile; fileRef = 05E5DE031859B812000545AE /* btn_map1@2x.png */; };
		05E5DE0E1859B812000545AE /* btn_map2_off@2x.png in Resources */ = {isa = PBXBuildFile; fileRef = 05E5DE041859B812000545AE /* btn_map2_off@2x.png */; };
		05E5DE0F1859B812000545AE /* btn_map2@2x.png in Resources */ = {isa = PBXBuildFile; fileRef = 05E5DE051859B812000545AE /* btn_map2@2x.png */; };
		05E5DE101859B812000545AE /* btn_plus@2x.png in Resources */ = {isa = PBXBuildFile; fileRef = 05E5DE061859B812000545AE /* btn_plus@2x.png */; };
		05E5DE111859B812000545AE /* btn_remove@2x.png in Resources */ = {isa = PBXBuildFile; fileRef = 05E5DE071859B812000545AE /* btn_remove@2x.png */; };
		05E5DE121859B812000545AE /* btn_search@2x.png in Resources */ = {isa = PBXBuildFile; fileRef = 05E5DE081859B812000545AE /* btn_search@2x.png */; };
		05E5DE151859B82D000545AE /* dot_gray@2x.png in Resources */ = {isa = PBXBuildFile; fileRef = 05E5DE131859B82D000545AE /* dot_gray@2x.png */; };
		05E5DE161859B82D000545AE /* dot_red@2x.png in Resources */ = {isa = PBXBuildFile; fileRef = 05E5DE141859B82D000545AE /* dot_red@2x.png */; };
		05E5DE1A185A1000000545AE /* MBProgressHUD.m in Sources */ = {isa = PBXBuildFile; fileRef = 05E5DE19185A1000000545AE /* MBProgressHUD.m */; };
		05E641E71782E57700080AE6 /* FMDatabase.m in Sources */ = {isa = PBXBuildFile; fileRef = 05E641DD1782E57700080AE6 /* FMDatabase.m */; };
		05E641E81782E57700080AE6 /* FMDatabaseAdditions.m in Sources */ = {isa = PBXBuildFile; fileRef = 05E641DF1782E57700080AE6 /* FMDatabaseAdditions.m */; };
		05E641E91782E57700080AE6 /* FMDatabasePool.m in Sources */ = {isa = PBXBuildFile; fileRef = 05E641E11782E57700080AE6 /* FMDatabasePool.m */; };
		05E641EA1782E57700080AE6 /* FMDatabaseQueue.m in Sources */ = {isa = PBXBuildFile; fileRef = 05E641E31782E57700080AE6 /* FMDatabaseQueue.m */; };
		05E641EC1782E57700080AE6 /* FMResultSet.m in Sources */ = {isa = PBXBuildFile; fileRef = 05E641E61782E57700080AE6 /* FMResultSet.m */; };
		05E641EE1782E60E00080AE6 /* libsqlite3.0.dylib in Frameworks */ = {isa = PBXBuildFile; fileRef = 05E641ED1782E60E00080AE6 /* libsqlite3.0.dylib */; };
		05E641F11782FCC000080AE6 /* ListViewController.m in Sources */ = {isa = PBXBuildFile; fileRef = 05E641F01782FCC000080AE6 /* ListViewController.m */; };
/* End PBXBuildFile section */

/* Begin PBXFileReference section */
		050A286F1852D506000B140D /* MapViewController.h */ = {isa = PBXFileReference; fileEncoding = 4; lastKnownFileType = sourcecode.c.h; path = MapViewController.h; sourceTree = "<group>"; };
		050A28701852D506000B140D /* MapViewController.m */ = {isa = PBXFileReference; fileEncoding = 4; lastKnownFileType = sourcecode.c.objc; path = MapViewController.m; sourceTree = "<group>"; };
		050A290E18571B49000B140D /* dot1@2x.png */ = {isa = PBXFileReference; lastKnownFileType = image.png; path = "dot1@2x.png"; sourceTree = "<group>"; };
		050A291018571DED000B140D /* RSAnnotation.h */ = {isa = PBXFileReference; fileEncoding = 4; lastKnownFileType = sourcecode.c.h; path = RSAnnotation.h; sourceTree = "<group>"; };
		050A291118571DED000B140D /* RSAnnotation.m */ = {isa = PBXFileReference; fileEncoding = 4; lastKnownFileType = sourcecode.c.objc; path = RSAnnotation.m; sourceTree = "<group>"; };
		050A29131857263F000B140D /* distance@2x.png */ = {isa = PBXFileReference; lastKnownFileType = image.png; path = "distance@2x.png"; sourceTree = "<group>"; };
		0512A3EF1786DA1B00CBFFC7 /* RSSpot.h */ = {isa = PBXFileReference; fileEncoding = 4; lastKnownFileType = sourcecode.c.h; path = RSSpot.h; sourceTree = "<group>"; };
		0512A3F01786DA1B00CBFFC7 /* RSSpot.m */ = {isa = PBXFileReference; fileEncoding = 4; lastKnownFileType = sourcecode.c.objc; path = RSSpot.m; sourceTree = "<group>"; };
		0512A3F21787FA6600CBFFC7 /* RSSpotManager.h */ = {isa = PBXFileReference; fileEncoding = 4; lastKnownFileType = sourcecode.c.h; path = RSSpotManager.h; sourceTree = "<group>"; };
		0512A3F31787FA6600CBFFC7 /* RSSpotManager.m */ = {isa = PBXFileReference; fileEncoding = 4; lastKnownFileType = sourcecode.c.objc; path = RSSpotManager.m; sourceTree = "<group>"; };
		0512A3F61788024F00CBFFC7 /* RSButton.h */ = {isa = PBXFileReference; fileEncoding = 4; lastKnownFileType = sourcecode.c.h; path = RSButton.h; sourceTree = "<group>"; };
		0512A3F71788024F00CBFFC7 /* RSButton.m */ = {isa = PBXFileReference; fileEncoding = 4; lastKnownFileType = sourcecode.c.objc; path = RSButton.m; sourceTree = "<group>"; };
		0525257D178303B9001485A8 /* RSDBClient.h */ = {isa = PBXFileReference; fileEncoding = 4; lastKnownFileType = sourcecode.c.h; path = RSDBClient.h; sourceTree = "<group>"; };
		0525257E178303B9001485A8 /* RSDBClient.m */ = {isa = PBXFileReference; fileEncoding = 4; lastKnownFileType = sourcecode.c.objc; path = RSDBClient.m; sourceTree = "<group>"; };
		05322D0B1773068D000AA1ED /* RSLocations.h */ = {isa = PBXFileReference; fileEncoding = 4; lastKnownFileType = sourcecode.c.h; path = RSLocations.h; sourceTree = "<group>"; };
		05322D0C1773068D000AA1ED /* RSLocations.m */ = {isa = PBXFileReference; fileEncoding = 4; lastKnownFileType = sourcecode.c.objc; path = RSLocations.m; sourceTree = "<group>"; };
		05322D0F1773069B000AA1ED /* MainViewController.h */ = {isa = PBXFileReference; fileEncoding = 4; lastKnownFileType = sourcecode.c.h; path = MainViewController.h; sourceTree = "<group>"; };
		05322D101773069B000AA1ED /* MainViewController.m */ = {isa = PBXFileReference; fileEncoding = 4; lastKnownFileType = sourcecode.c.objc; path = MainViewController.m; sourceTree = "<group>"; };
		05322D12177306F2000AA1ED /* RSLocation.h */ = {isa = PBXFileReference; fileEncoding = 4; lastKnownFileType = sourcecode.c.h; name = RSLocation.h; path = ../../RSLocation.h; sourceTree = "<group>"; };
		05322D13177306F2000AA1ED /* RSLocation.m */ = {isa = PBXFileReference; fileEncoding = 4; lastKnownFileType = sourcecode.c.objc; name = RSLocation.m; path = ../../RSLocation.m; sourceTree = "<group>"; };
		05322D1517730713000AA1ED /* RSLocationManager.h */ = {isa = PBXFileReference; fileEncoding = 4; lastKnownFileType = sourcecode.c.h; name = RSLocationManager.h; path = ../../RSLocationManager.h; sourceTree = "<group>"; };
		05322D1617730713000AA1ED /* RSLocationManager.m */ = {isa = PBXFileReference; fileEncoding = 4; lastKnownFileType = sourcecode.c.objc; name = RSLocationManager.m; path = ../../RSLocationManager.m; sourceTree = "<group>"; };
		05364179178D9EA500E88939 /* bt_add@2x.png */ = {isa = PBXFileReference; lastKnownFileType = image.png; path = "bt_add@2x.png"; sourceTree = "<group>"; };
		0536417A178D9EA500E88939 /* bt_back@2x.png */ = {isa = PBXFileReference; lastKnownFileType = image.png; path = "bt_back@2x.png"; sourceTree = "<group>"; };
		0536417D178D9EC200E88939 /* navigationBar@2x.png */ = {isa = PBXFileReference; lastKnownFileType = image.png; path = "navigationBar@2x.png"; sourceTree = "<group>"; };
		054DF00517CA0BA700DBCAC6 /* libGoogleAnalytics.a */ = {isa = PBXFileReference; lastKnownFileType = archive.ar; path = libGoogleAnalytics.a; sourceTree = "<group>"; };
		055D3AC0185C23BF0050C9EA /* back_black@2x.png */ = {isa = PBXFileReference; lastKnownFileType = image.png; path = "back_black@2x.png"; sourceTree = "<group>"; };
		055D3AC2185C401A0050C9EA /* RSAllertViewController.h */ = {isa = PBXFileReference; fileEncoding = 4; lastKnownFileType = sourcecode.c.h; path = RSAllertViewController.h; sourceTree = "<group>"; };
		055D3AC3185C401A0050C9EA /* RSAllertViewController.m */ = {isa = PBXFileReference; fileEncoding = 4; lastKnownFileType = sourcecode.c.objc; path = RSAllertViewController.m; sourceTree = "<group>"; };
		0580A49A178AD10F0057AF7D /* arrow@2x.png */ = {isa = PBXFileReference; lastKnownFileType = image.png; path = "arrow@2x.png"; sourceTree = "<group>"; };
		0580A49B178AD10F0057AF7D /* bt_delete@2x.png */ = {isa = PBXFileReference; lastKnownFileType = image.png; path = "bt_delete@2x.png"; sourceTree = "<group>"; };
		0580A49C178AD10F0057AF7D /* bt_list@2x.png */ = {isa = PBXFileReference; lastKnownFileType = image.png; path = "bt_list@2x.png"; sourceTree = "<group>"; };
		0580A49D178AD10F0057AF7D /* bt_search@2x.png */ = {isa = PBXFileReference; lastKnownFileType = image.png; path = "bt_search@2x.png"; sourceTree = "<group>"; };
		0580A49E178AD10F0057AF7D /* bt_setting@2x.png */ = {isa = PBXFileReference; lastKnownFileType = image.png; path = "bt_setting@2x.png"; sourceTree = "<group>"; };
		0580A49F178AD10F0057AF7D /* coloer_blow@2x.png */ = {isa = PBXFileReference; lastKnownFileType = image.png; path = "coloer_blow@2x.png"; sourceTree = "<group>"; };
		0580A4A0178AD10F0057AF7D /* color_upper@2x.png */ = {isa = PBXFileReference; lastKnownFileType = image.png; path = "color_upper@2x.png"; sourceTree = "<group>"; };
		0580A4A1178AD10F0057AF7D /* separator@2x.png */ = {isa = PBXFileReference; lastKnownFileType = image.png; path = "separator@2x.png"; sourceTree = "<group>"; };
		05819F581795673000425D77 /* GAI.h */ = {isa = PBXFileReference; fileEncoding = 4; lastKnownFileType = sourcecode.c.h; path = GAI.h; sourceTree = "<group>"; };
		05819F591795673000425D77 /* GAITrackedViewController.h */ = {isa = PBXFileReference; fileEncoding = 4; lastKnownFileType = sourcecode.c.h; path = GAITrackedViewController.h; sourceTree = "<group>"; };
		05819F5A1795673000425D77 /* GAITracker.h */ = {isa = PBXFileReference; fileEncoding = 4; lastKnownFileType = sourcecode.c.h; path = GAITracker.h; sourceTree = "<group>"; };
		05819F5B1795673000425D77 /* GAITransaction.h */ = {isa = PBXFileReference; fileEncoding = 4; lastKnownFileType = sourcecode.c.h; path = GAITransaction.h; sourceTree = "<group>"; };
		05819F5C1795673000425D77 /* GAITransactionItem.h */ = {isa = PBXFileReference; fileEncoding = 4; lastKnownFileType = sourcecode.c.h; path = GAITransactionItem.h; sourceTree = "<group>"; };
		05819F5F1795674900425D77 /* CoreData.framework */ = {isa = PBXFileReference; lastKnownFileType = wrapper.framework; name = CoreData.framework; path = System/Library/Frameworks/CoreData.framework; sourceTree = SDKROOT; };
		05819F621795677000425D77 /* SystemConfiguration.framework */ = {isa = PBXFileReference; lastKnownFileType = wrapper.framework; name = SystemConfiguration.framework; path = System/Library/Frameworks/SystemConfiguration.framework; sourceTree = SDKROOT; };
		05E1281A1769CD140093C097 /* RemoteStep.app */ = {isa = PBXFileReference; explicitFileType = wrapper.application; includeInIndex = 0; path = RemoteStep.app; sourceTree = BUILT_PRODUCTS_DIR; };
		05E1281D1769CD140093C097 /* UIKit.framework */ = {isa = PBXFileReference; lastKnownFileType = wrapper.framework; name = UIKit.framework; path = System/Library/Frameworks/UIKit.framework; sourceTree = SDKROOT; };
		05E1281F1769CD140093C097 /* Foundation.framework */ = {isa = PBXFileReference; lastKnownFileType = wrapper.framework; name = Foundation.framework; path = System/Library/Frameworks/Foundation.framework; sourceTree = SDKROOT; };
		05E128211769CD140093C097 /* CoreGraphics.framework */ = {isa = PBXFileReference; lastKnownFileType = wrapper.framework; name = CoreGraphics.framework; path = System/Library/Frameworks/CoreGraphics.framework; sourceTree = SDKROOT; };
		05E128251769CD140093C097 /* RemoteStep-Info.plist */ = {isa = PBXFileReference; lastKnownFileType = text.plist.xml; path = "RemoteStep-Info.plist"; sourceTree = "<group>"; };
		05E128271769CD140093C097 /* en */ = {isa = PBXFileReference; lastKnownFileType = text.plist.strings; name = en; path = en.lproj/InfoPlist.strings; sourceTree = "<group>"; };
		05E128291769CD140093C097 /* main.m */ = {isa = PBXFileReference; lastKnownFileType = sourcecode.c.objc; path = main.m; sourceTree = "<group>"; };
		05E1282B1769CD140093C097 /* RemoteStep-Prefix.pch */ = {isa = PBXFileReference; lastKnownFileType = sourcecode.c.h; path = "RemoteStep-Prefix.pch"; sourceTree = "<group>"; };
		05E1282C1769CD140093C097 /* AppDelegate.h */ = {isa = PBXFileReference; lastKnownFileType = sourcecode.c.h; path = AppDelegate.h; sourceTree = "<group>"; };
		05E1282D1769CD140093C097 /* AppDelegate.m */ = {isa = PBXFileReference; lastKnownFileType = sourcecode.c.objc; path = AppDelegate.m; sourceTree = "<group>"; };
		05E1282F1769CD140093C097 /* Default.png */ = {isa = PBXFileReference; lastKnownFileType = image.png; path = Default.png; sourceTree = "<group>"; };
		05E128311769CD140093C097 /* Default@2x.png */ = {isa = PBXFileReference; lastKnownFileType = image.png; path = "Default@2x.png"; sourceTree = "<group>"; };
		05E128331769CD140093C097 /* Default-568h@2x.png */ = {isa = PBXFileReference; lastKnownFileType = image.png; path = "Default-568h@2x.png"; sourceTree = "<group>"; };
		05E128361769CD140093C097 /* en */ = {isa = PBXFileReference; lastKnownFileType = file.storyboard; name = en; path = en.lproj/MainStoryboard.storyboard; sourceTree = "<group>"; };
		05E128401769CD760093C097 /* MapKit.framework */ = {isa = PBXFileReference; lastKnownFileType = wrapper.framework; name = MapKit.framework; path = System/Library/Frameworks/MapKit.framework; sourceTree = SDKROOT; };
		05E128481769E6A30093C097 /* CoreLocation.framework */ = {isa = PBXFileReference; lastKnownFileType = wrapper.framework; name = CoreLocation.framework; path = System/Library/Frameworks/CoreLocation.framework; sourceTree = SDKROOT; };
		05E5DDFF1859B812000545AE /* btn_back@2x.png */ = {isa = PBXFileReference; lastKnownFileType = image.png; path = "btn_back@2x.png"; sourceTree = "<group>"; };
		05E5DE001859B812000545AE /* btn_clear@2x.png */ = {isa = PBXFileReference; lastKnownFileType = image.png; path = "btn_clear@2x.png"; sourceTree = "<group>"; };
		05E5DE011859B812000545AE /* btn_list@2x.png */ = {isa = PBXFileReference; lastKnownFileType = image.png; path = "btn_list@2x.png"; sourceTree = "<group>"; };
		05E5DE021859B812000545AE /* btn_map1_off@2x.png */ = {isa = PBXFileReference; lastKnownFileType = image.png; path = "btn_map1_off@2x.png"; sourceTree = "<group>"; };
		05E5DE031859B812000545AE /* btn_map1@2x.png */ = {isa = PBXFileReference; lastKnownFileType = image.png; path = "btn_map1@2x.png"; sourceTree = "<group>"; };
		05E5DE041859B812000545AE /* btn_map2_off@2x.png */ = {isa = PBXFileReference; lastKnownFileType = image.png; path = "btn_map2_off@2x.png"; sourceTree = "<group>"; };
		05E5DE051859B812000545AE /* btn_map2@2x.png */ = {isa = PBXFileReference; lastKnownFileType = image.png; path = "btn_map2@2x.png"; sourceTree = "<group>"; };
		05E5DE061859B812000545AE /* btn_plus@2x.png */ = {isa = PBXFileReference; lastKnownFileType = image.png; path = "btn_plus@2x.png"; sourceTree = "<group>"; };
		05E5DE071859B812000545AE /* btn_remove@2x.png */ = {isa = PBXFileReference; lastKnownFileType = image.png; path = "btn_remove@2x.png"; sourceTree = "<group>"; };
		05E5DE081859B812000545AE /* btn_search@2x.png */ = {isa = PBXFileReference; lastKnownFileType = image.png; path = "btn_search@2x.png"; sourceTree = "<group>"; };
		05E5DE131859B82D000545AE /* dot_gray@2x.png */ = {isa = PBXFileReference; lastKnownFileType = image.png; path = "dot_gray@2x.png"; sourceTree = "<group>"; };
		05E5DE141859B82D000545AE /* dot_red@2x.png */ = {isa = PBXFileReference; lastKnownFileType = image.png; path = "dot_red@2x.png"; sourceTree = "<group>"; };
		05E5DE18185A1000000545AE /* MBProgressHUD.h */ = {isa = PBXFileReference; fileEncoding = 4; lastKnownFileType = sourcecode.c.h; path = MBProgressHUD.h; sourceTree = "<group>"; };
		05E5DE19185A1000000545AE /* MBProgressHUD.m */ = {isa = PBXFileReference; fileEncoding = 4; lastKnownFileType = sourcecode.c.objc; path = MBProgressHUD.m; sourceTree = "<group>"; };
		05E641DC1782E57700080AE6 /* FMDatabase.h */ = {isa = PBXFileReference; fileEncoding = 4; lastKnownFileType = sourcecode.c.h; path = FMDatabase.h; sourceTree = "<group>"; };
		05E641DD1782E57700080AE6 /* FMDatabase.m */ = {isa = PBXFileReference; fileEncoding = 4; lastKnownFileType = sourcecode.c.objc; path = FMDatabase.m; sourceTree = "<group>"; };
		05E641DE1782E57700080AE6 /* FMDatabaseAdditions.h */ = {isa = PBXFileReference; fileEncoding = 4; lastKnownFileType = sourcecode.c.h; path = FMDatabaseAdditions.h; sourceTree = "<group>"; };
		05E641DF1782E57700080AE6 /* FMDatabaseAdditions.m */ = {isa = PBXFileReference; fileEncoding = 4; lastKnownFileType = sourcecode.c.objc; path = FMDatabaseAdditions.m; sourceTree = "<group>"; };
		05E641E01782E57700080AE6 /* FMDatabasePool.h */ = {isa = PBXFileReference; fileEncoding = 4; lastKnownFileType = sourcecode.c.h; path = FMDatabasePool.h; sourceTree = "<group>"; };
		05E641E11782E57700080AE6 /* FMDatabasePool.m */ = {isa = PBXFileReference; fileEncoding = 4; lastKnownFileType = sourcecode.c.objc; path = FMDatabasePool.m; sourceTree = "<group>"; };
		05E641E21782E57700080AE6 /* FMDatabaseQueue.h */ = {isa = PBXFileReference; fileEncoding = 4; lastKnownFileType = sourcecode.c.h; path = FMDatabaseQueue.h; sourceTree = "<group>"; };
		05E641E31782E57700080AE6 /* FMDatabaseQueue.m */ = {isa = PBXFileReference; fileEncoding = 4; lastKnownFileType = sourcecode.c.objc; path = FMDatabaseQueue.m; sourceTree = "<group>"; };
		05E641E51782E57700080AE6 /* FMResultSet.h */ = {isa = PBXFileReference; fileEncoding = 4; lastKnownFileType = sourcecode.c.h; path = FMResultSet.h; sourceTree = "<group>"; };
		05E641E61782E57700080AE6 /* FMResultSet.m */ = {isa = PBXFileReference; fileEncoding = 4; lastKnownFileType = sourcecode.c.objc; path = FMResultSet.m; sourceTree = "<group>"; };
		05E641ED1782E60E00080AE6 /* libsqlite3.0.dylib */ = {isa = PBXFileReference; lastKnownFileType = "compiled.mach-o.dylib"; name = libsqlite3.0.dylib; path = usr/lib/libsqlite3.0.dylib; sourceTree = SDKROOT; };
		05E641EF1782FCC000080AE6 /* ListViewController.h */ = {isa = PBXFileReference; fileEncoding = 4; lastKnownFileType = sourcecode.c.h; name = ListViewController.h; path = ../../ListViewController.h; sourceTree = "<group>"; };
		05E641F01782FCC000080AE6 /* ListViewController.m */ = {isa = PBXFileReference; fileEncoding = 4; lastKnownFileType = sourcecode.c.objc; name = ListViewController.m; path = ../../ListViewController.m; sourceTree = "<group>"; };
/* End PBXFileReference section */

/* Begin PBXFrameworksBuildPhase section */
		05E128171769CD140093C097 /* Frameworks */ = {
			isa = PBXFrameworksBuildPhase;
			buildActionMask = 2147483647;
			files = (
				05E641EE1782E60E00080AE6 /* libsqlite3.0.dylib in Frameworks */,
				05E128491769E6A30093C097 /* CoreLocation.framework in Frameworks */,
				05E128411769CD760093C097 /* MapKit.framework in Frameworks */,
				05819F641795677800425D77 /* SystemConfiguration.framework in Frameworks */,
				05E1281E1769CD140093C097 /* UIKit.framework in Frameworks */,
				05819F611795676600425D77 /* CoreData.framework in Frameworks */,
				05E128201769CD140093C097 /* Foundation.framework in Frameworks */,
				05E128221769CD140093C097 /* CoreGraphics.framework in Frameworks */,
				054DF00617CA0BA700DBCAC6 /* libGoogleAnalytics.a in Frameworks */,
			);
			runOnlyForDeploymentPostprocessing = 0;
		};
/* End PBXFrameworksBuildPhase section */

/* Begin PBXGroup section */
		0512A3F51788023B00CBFFC7 /* other */ = {
			isa = PBXGroup;
			children = (
				0512A3F61788024F00CBFFC7 /* RSButton.h */,
				0512A3F71788024F00CBFFC7 /* RSButton.m */,
				050A291018571DED000B140D /* RSAnnotation.h */,
				050A291118571DED000B140D /* RSAnnotation.m */,
			);
			path = other;
			sourceTree = "<group>";
		};
		05322D0A1773068D000AA1ED /* model */ = {
			isa = PBXGroup;
			children = (
				05322D1517730713000AA1ED /* RSLocationManager.h */,
				05322D1617730713000AA1ED /* RSLocationManager.m */,
				05322D12177306F2000AA1ED /* RSLocation.h */,
				05322D13177306F2000AA1ED /* RSLocation.m */,
				05322D0B1773068D000AA1ED /* RSLocations.h */,
				05322D0C1773068D000AA1ED /* RSLocations.m */,
				0525257D178303B9001485A8 /* RSDBClient.h */,
				0525257E178303B9001485A8 /* RSDBClient.m */,
				0512A3EF1786DA1B00CBFFC7 /* RSSpot.h */,
				0512A3F01786DA1B00CBFFC7 /* RSSpot.m */,
				0512A3F21787FA6600CBFFC7 /* RSSpotManager.h */,
				0512A3F31787FA6600CBFFC7 /* RSSpotManager.m */,
			);
			path = model;
			sourceTree = "<group>";
		};
		05322D0E1773069B000AA1ED /* controller */ = {
			isa = PBXGroup;
			children = (
				05E641EF1782FCC000080AE6 /* ListViewController.h */,
				05E641F01782FCC000080AE6 /* ListViewController.m */,
				05322D0F1773069B000AA1ED /* MainViewController.h */,
				05322D101773069B000AA1ED /* MainViewController.m */,
				050A286F1852D506000B140D /* MapViewController.h */,
				050A28701852D506000B140D /* MapViewController.m */,
				055D3AC2185C401A0050C9EA /* RSAllertViewController.h */,
				055D3AC3185C401A0050C9EA /* RSAllertViewController.m */,
			);
			path = controller;
			sourceTree = "<group>";
		};
		0580A499178AD10F0057AF7D /* images */ = {
			isa = PBXGroup;
			children = (
				055D3AC0185C23BF0050C9EA /* back_black@2x.png */,
				05E5DE131859B82D000545AE /* dot_gray@2x.png */,
				05E5DE141859B82D000545AE /* dot_red@2x.png */,
				050A290E18571B49000B140D /* dot1@2x.png */,
				050A29131857263F000B140D /* distance@2x.png */,
				05364179178D9EA500E88939 /* bt_add@2x.png */,
				0536417A178D9EA500E88939 /* bt_back@2x.png */,
				0580A49A178AD10F0057AF7D /* arrow@2x.png */,
				0580A49B178AD10F0057AF7D /* bt_delete@2x.png */,
				05E5DDFF1859B812000545AE /* btn_back@2x.png */,
				05E5DE001859B812000545AE /* btn_clear@2x.png */,
				05E5DE011859B812000545AE /* btn_list@2x.png */,
				05E5DE021859B812000545AE /* btn_map1_off@2x.png */,
				05E5DE031859B812000545AE /* btn_map1@2x.png */,
				05E5DE041859B812000545AE /* btn_map2_off@2x.png */,
				05E5DE051859B812000545AE /* btn_map2@2x.png */,
				05E5DE061859B812000545AE /* btn_plus@2x.png */,
				05E5DE071859B812000545AE /* btn_remove@2x.png */,
				05E5DE081859B812000545AE /* btn_search@2x.png */,
				0580A49C178AD10F0057AF7D /* bt_list@2x.png */,
				0580A49D178AD10F0057AF7D /* bt_search@2x.png */,
				0536417D178D9EC200E88939 /* navigationBar@2x.png */,
				0580A49E178AD10F0057AF7D /* bt_setting@2x.png */,
				0580A49F178AD10F0057AF7D /* coloer_blow@2x.png */,
				0580A4A0178AD10F0057AF7D /* color_upper@2x.png */,
				0580A4A1178AD10F0057AF7D /* separator@2x.png */,
			);
			path = images;
			sourceTree = "<group>";
		};
		05819F571795673000425D77 /* GoogleAnalytics */ = {
			isa = PBXGroup;
			children = (
				05819F581795673000425D77 /* GAI.h */,
				05819F591795673000425D77 /* GAITrackedViewController.h */,
				054DF00517CA0BA700DBCAC6 /* libGoogleAnalytics.a */,
				05819F5A1795673000425D77 /* GAITracker.h */,
				05819F5B1795673000425D77 /* GAITransaction.h */,
				05819F5C1795673000425D77 /* GAITransactionItem.h */,
			);
			path = GoogleAnalytics;
			sourceTree = "<group>";
		};
		05E128111769CD140093C097 = {
			isa = PBXGroup;
			children = (
				05E5DE17185A1000000545AE /* library */,
				05819F571795673000425D77 /* GoogleAnalytics */,
				05E641DB1782E57700080AE6 /* FMDB */,
				05E128231769CD140093C097 /* RemoteStep */,
				05E1281C1769CD140093C097 /* Frameworks */,
				05E1281B1769CD140093C097 /* Products */,
			);
			sourceTree = "<group>";
		};
		05E1281B1769CD140093C097 /* Products */ = {
			isa = PBXGroup;
			children = (
				05E1281A1769CD140093C097 /* RemoteStep.app */,
			);
			name = Products;
			sourceTree = "<group>";
		};
		05E1281C1769CD140093C097 /* Frameworks */ = {
			isa = PBXGroup;
			children = (
				05819F621795677000425D77 /* SystemConfiguration.framework */,
				05819F5F1795674900425D77 /* CoreData.framework */,
				05E641ED1782E60E00080AE6 /* libsqlite3.0.dylib */,
				05E128481769E6A30093C097 /* CoreLocation.framework */,
				05E128401769CD760093C097 /* MapKit.framework */,
				05E1281D1769CD140093C097 /* UIKit.framework */,
				05E1281F1769CD140093C097 /* Foundation.framework */,
				05E128211769CD140093C097 /* CoreGraphics.framework */,
			);
			name = Frameworks;
			sourceTree = "<group>";
		};
		05E128231769CD140093C097 /* RemoteStep */ = {
			isa = PBXGroup;
			children = (
				0580A499178AD10F0057AF7D /* images */,
				0512A3F51788023B00CBFFC7 /* other */,
				05322D0E1773069B000AA1ED /* controller */,
				05322D0A1773068D000AA1ED /* model */,
				05E1282C1769CD140093C097 /* AppDelegate.h */,
				05E1282D1769CD140093C097 /* AppDelegate.m */,
				05E128351769CD140093C097 /* MainStoryboard.storyboard */,
				05E128241769CD140093C097 /* Supporting Files */,
			);
			path = RemoteStep;
			sourceTree = "<group>";
		};
		05E128241769CD140093C097 /* Supporting Files */ = {
			isa = PBXGroup;
			children = (
				05E128251769CD140093C097 /* RemoteStep-Info.plist */,
				05E128261769CD140093C097 /* InfoPlist.strings */,
				05E128291769CD140093C097 /* main.m */,
				05E1282B1769CD140093C097 /* RemoteStep-Prefix.pch */,
				05E1282F1769CD140093C097 /* Default.png */,
				05E128311769CD140093C097 /* Default@2x.png */,
				05E128331769CD140093C097 /* Default-568h@2x.png */,
			);
			name = "Supporting Files";
			sourceTree = "<group>";
		};
		05E5DE17185A1000000545AE /* library */ = {
			isa = PBXGroup;
			children = (
				05E5DE18185A1000000545AE /* MBProgressHUD.h */,
				05E5DE19185A1000000545AE /* MBProgressHUD.m */,
			);
			path = library;
			sourceTree = "<group>";
		};
		05E641DB1782E57700080AE6 /* FMDB */ = {
			isa = PBXGroup;
			children = (
				05E641DC1782E57700080AE6 /* FMDatabase.h */,
				05E641DD1782E57700080AE6 /* FMDatabase.m */,
				05E641DE1782E57700080AE6 /* FMDatabaseAdditions.h */,
				05E641DF1782E57700080AE6 /* FMDatabaseAdditions.m */,
				05E641E01782E57700080AE6 /* FMDatabasePool.h */,
				05E641E11782E57700080AE6 /* FMDatabasePool.m */,
				05E641E21782E57700080AE6 /* FMDatabaseQueue.h */,
				05E641E31782E57700080AE6 /* FMDatabaseQueue.m */,
				05E641E51782E57700080AE6 /* FMResultSet.h */,
				05E641E61782E57700080AE6 /* FMResultSet.m */,
			);
			path = FMDB;
			sourceTree = "<group>";
		};
/* End PBXGroup section */

/* Begin PBXNativeTarget section */
		05E128191769CD140093C097 /* RemoteStep */ = {
			isa = PBXNativeTarget;
			buildConfigurationList = 05E1283D1769CD140093C097 /* Build configuration list for PBXNativeTarget "RemoteStep" */;
			buildPhases = (
				05E128161769CD140093C097 /* Sources */,
				05E128171769CD140093C097 /* Frameworks */,
				05E128181769CD140093C097 /* Resources */,
			);
			buildRules = (
			);
			dependencies = (
			);
			name = RemoteStep;
			productName = RemoteStep;
			productReference = 05E1281A1769CD140093C097 /* RemoteStep.app */;
			productType = "com.apple.product-type.application";
		};
/* End PBXNativeTarget section */

/* Begin PBXProject section */
		05E128121769CD140093C097 /* Project object */ = {
			isa = PBXProject;
			attributes = {
				LastUpgradeCheck = 0460;
				ORGANIZATIONNAME = "Takeru Yoshihara";
			};
			buildConfigurationList = 05E128151769CD140093C097 /* Build configuration list for PBXProject "RemoteStep" */;
			compatibilityVersion = "Xcode 3.2";
			developmentRegion = English;
			hasScannedForEncodings = 0;
			knownRegions = (
				en,
			);
			mainGroup = 05E128111769CD140093C097;
			productRefGroup = 05E1281B1769CD140093C097 /* Products */;
			projectDirPath = "";
			projectRoot = "";
			targets = (
				05E128191769CD140093C097 /* RemoteStep */,
			);
		};
/* End PBXProject section */

/* Begin PBXResourcesBuildPhase section */
		05E128181769CD140093C097 /* Resources */ = {
			isa = PBXResourcesBuildPhase;
			buildActionMask = 2147483647;
			files = (
				05E128281769CD140093C097 /* InfoPlist.strings in Resources */,
				05E128301769CD140093C097 /* Default.png in Resources */,
				05E128321769CD140093C097 /* Default@2x.png in Resources */,
				05E5DE0A1859B812000545AE /* btn_clear@2x.png in Resources */,
				05E128341769CD140093C097 /* Default-568h@2x.png in Resources */,
				05E5DE0E1859B812000545AE /* btn_map2_off@2x.png in Resources */,
				05E5DE0D1859B812000545AE /* btn_map1@2x.png in Resources */,
				05E5DE0F1859B812000545AE /* btn_map2@2x.png in Resources */,
				05E128371769CD140093C097 /* MainStoryboard.storyboard in Resources */,
				05E5DE111859B812000545AE /* btn_remove@2x.png in Resources */,
				0580A4A2178AD10F0057AF7D /* arrow@2x.png in Resources */,
				0580A4A3178AD10F0057AF7D /* bt_delete@2x.png in Resources */,
				0580A4A4178AD10F0057AF7D /* bt_list@2x.png in Resources */,
				050A290F18571B49000B140D /* dot1@2x.png in Resources */,
				0580A4A5178AD10F0057AF7D /* bt_search@2x.png in Resources */,
				0580A4A6178AD10F0057AF7D /* bt_setting@2x.png in Resources */,
				050A29141857263F000B140D /* distance@2x.png in Resources */,
				0580A4A7178AD10F0057AF7D /* coloer_blow@2x.png in Resources */,
				0580A4A8178AD10F0057AF7D /* color_upper@2x.png in Resources */,
				05E5DE121859B812000545AE /* btn_search@2x.png in Resources */,
				0580A4A9178AD10F0057AF7D /* separator@2x.png in Resources */,
				05E5DE151859B82D000545AE /* dot_gray@2x.png in Resources */,
				0536417B178D9EA500E88939 /* bt_add@2x.png in Resources */,
				055D3AC1185C23BF0050C9EA /* back_black@2x.png in Resources */,
				0536417C178D9EA500E88939 /* bt_back@2x.png in Resources */,
				05E5DE101859B812000545AE /* btn_plus@2x.png in Resources */,
				05E5DE0C1859B812000545AE /* btn_map1_off@2x.png in Resources */,
				05E5DE0B1859B812000545AE /* btn_list@2x.png in Resources */,
				05E5DE091859B812000545AE /* btn_back@2x.png in Resources */,
				05E5DE161859B82D000545AE /* dot_red@2x.png in Resources */,
				0536417E178D9EC200E88939 /* navigationBar@2x.png in Resources */,
			);
			runOnlyForDeploymentPostprocessing = 0;
		};
/* End PBXResourcesBuildPhase section */

/* Begin PBXSourcesBuildPhase section */
		05E128161769CD140093C097 /* Sources */ = {
			isa = PBXSourcesBuildPhase;
			buildActionMask = 2147483647;
			files = (
				05E1282A1769CD140093C097 /* main.m in Sources */,
				05E1282E1769CD140093C097 /* AppDelegate.m in Sources */,
				05322D0D1773068D000AA1ED /* RSLocations.m in Sources */,
				05322D111773069B000AA1ED /* MainViewController.m in Sources */,
				05322D14177306F2000AA1ED /* RSLocation.m in Sources */,
				05322D1717730713000AA1ED /* RSLocationManager.m in Sources */,
				05E641E71782E57700080AE6 /* FMDatabase.m in Sources */,
				05E5DE1A185A1000000545AE /* MBProgressHUD.m in Sources */,
				05E641E81782E57700080AE6 /* FMDatabaseAdditions.m in Sources */,
				05E641E91782E57700080AE6 /* FMDatabasePool.m in Sources */,
				05E641EA1782E57700080AE6 /* FMDatabaseQueue.m in Sources */,
				05E641EC1782E57700080AE6 /* FMResultSet.m in Sources */,
				05E641F11782FCC000080AE6 /* ListViewController.m in Sources */,
				0525257F178303B9001485A8 /* RSDBClient.m in Sources */,
				0512A3F11786DA1B00CBFFC7 /* RSSpot.m in Sources */,
				0512A3F41787FA6700CBFFC7 /* RSSpotManager.m in Sources */,
				050A291218571DED000B140D /* RSAnnotation.m in Sources */,
				050A28711852D506000B140D /* MapViewController.m in Sources */,
				0512A3F81788024F00CBFFC7 /* RSButton.m in Sources */,
				055D3AC4185C401A0050C9EA /* RSAllertViewController.m in Sources */,
			);
			runOnlyForDeploymentPostprocessing = 0;
		};
/* End PBXSourcesBuildPhase section */

/* Begin PBXVariantGroup section */
		05E128261769CD140093C097 /* InfoPlist.strings */ = {
			isa = PBXVariantGroup;
			children = (
				05E128271769CD140093C097 /* en */,
			);
			name = InfoPlist.strings;
			sourceTree = "<group>";
		};
		05E128351769CD140093C097 /* MainStoryboard.storyboard */ = {
			isa = PBXVariantGroup;
			children = (
				05E128361769CD140093C097 /* en */,
			);
			name = MainStoryboard.storyboard;
			sourceTree = "<group>";
		};
/* End PBXVariantGroup section */

/* Begin XCBuildConfiguration section */
		05E1283B1769CD140093C097 /* Debug */ = {
			isa = XCBuildConfiguration;
			buildSettings = {
				ALWAYS_SEARCH_USER_PATHS = NO;
				CLANG_CXX_LANGUAGE_STANDARD = "gnu++0x";
				CLANG_CXX_LIBRARY = "libc++";
				CLANG_ENABLE_OBJC_ARC = YES;
				CLANG_WARN_CONSTANT_CONVERSION = YES;
				CLANG_WARN_EMPTY_BODY = YES;
				CLANG_WARN_ENUM_CONVERSION = YES;
				CLANG_WARN_INT_CONVERSION = YES;
				CLANG_WARN__DUPLICATE_METHOD_MATCH = YES;
				"CODE_SIGN_IDENTITY[sdk=iphoneos*]" = "iPhone Developer: TAKERU YOSHIHARA (3ZG8G95HMX)";
				COPY_PHASE_STRIP = NO;
				GCC_C_LANGUAGE_STANDARD = gnu99;
				GCC_DYNAMIC_NO_PIC = NO;
				GCC_OPTIMIZATION_LEVEL = 0;
				GCC_PREPROCESSOR_DEFINITIONS = (
					"DEBUG=1",
					"$(inherited)",
				);
				GCC_SYMBOLS_PRIVATE_EXTERN = NO;
				GCC_WARN_ABOUT_RETURN_TYPE = YES;
				GCC_WARN_UNINITIALIZED_AUTOS = YES;
				GCC_WARN_UNUSED_VARIABLE = YES;
				IPHONEOS_DEPLOYMENT_TARGET = 6.1;
				ONLY_ACTIVE_ARCH = YES;
				"PROVISIONING_PROFILE[sdk=iphoneos*]" = "0EEFF9A4-8DCB-4040-A6A2-7E7E46C576F7";
				SDKROOT = iphoneos;
			};
			name = Debug;
		};
		05E1283C1769CD140093C097 /* Release */ = {
			isa = XCBuildConfiguration;
			buildSettings = {
				ALWAYS_SEARCH_USER_PATHS = NO;
				CLANG_CXX_LANGUAGE_STANDARD = "gnu++0x";
				CLANG_CXX_LIBRARY = "libc++";
				CLANG_ENABLE_OBJC_ARC = YES;
				CLANG_WARN_CONSTANT_CONVERSION = YES;
				CLANG_WARN_EMPTY_BODY = YES;
				CLANG_WARN_ENUM_CONVERSION = YES;
				CLANG_WARN_INT_CONVERSION = YES;
				CLANG_WARN__DUPLICATE_METHOD_MATCH = YES;
				"CODE_SIGN_IDENTITY[sdk=iphoneos*]" = "iPhone Developer";
				COPY_PHASE_STRIP = YES;
				GCC_C_LANGUAGE_STANDARD = gnu99;
				GCC_WARN_ABOUT_RETURN_TYPE = YES;
				GCC_WARN_UNINITIALIZED_AUTOS = YES;
				GCC_WARN_UNUSED_VARIABLE = YES;
				IPHONEOS_DEPLOYMENT_TARGET = 6.1;
				OTHER_CFLAGS = "-DNS_BLOCK_ASSERTIONS=1";
				SDKROOT = iphoneos;
				VALIDATE_PRODUCT = YES;
			};
			name = Release;
		};
		05E1283E1769CD140093C097 /* Debug */ = {
			isa = XCBuildConfiguration;
			buildSettings = {
				"CODE_SIGN_IDENTITY[sdk=iphoneos*]" = "iPhone Developer: TAKERU YOSHIHARA (3ZG8G95HMX)";
				GCC_PRECOMPILE_PREFIX_HEADER = YES;
				GCC_PREFIX_HEADER = "RemoteStep/RemoteStep-Prefix.pch";
				HEADER_SEARCH_PATHS = "${SRCROOT}/FMDB";
				INFOPLIST_FILE = "RemoteStep/RemoteStep-Info.plist";
				IPHONEOS_DEPLOYMENT_TARGET = 7.0;
				LIBRARY_SEARCH_PATHS = (
					"$(inherited)",
					"\"$(SRCROOT)/GoogleAnalytics\"",
				);
				PRODUCT_NAME = "$(TARGET_NAME)";
				"PROVISIONING_PROFILE[sdk=iphoneos*]" = "0EEFF9A4-8DCB-4040-A6A2-7E7E46C576F7";
				WRAPPER_EXTENSION = app;
			};
			name = Debug;
		};
		05E1283F1769CD140093C097 /* Release */ = {
			isa = XCBuildConfiguration;
			buildSettings = {
				GCC_PRECOMPILE_PREFIX_HEADER = YES;
				GCC_PREFIX_HEADER = "RemoteStep/RemoteStep-Prefix.pch";
				HEADER_SEARCH_PATHS = "${SRCROOT}/FMDB";
				INFOPLIST_FILE = "RemoteStep/RemoteStep-Info.plist";
				IPHONEOS_DEPLOYMENT_TARGET = 7.0;
				LIBRARY_SEARCH_PATHS = (
					"$(inherited)",
					"\"$(SRCROOT)/GoogleAnalytics\"",
				);
				PRODUCT_NAME = "$(TARGET_NAME)";
				WRAPPER_EXTENSION = app;
			};
			name = Release;
		};
/* End XCBuildConfiguration section */

/* Begin XCConfigurationList section */
		05E128151769CD140093C097 /* Build configuration list for PBXProject "RemoteStep" */ = {
			isa = XCConfigurationList;
			buildConfigurations = (
				05E1283B1769CD140093C097 /* Debug */,
				05E1283C1769CD140093C097 /* Release */,
			);
			defaultConfigurationIsVisible = 0;
			defaultConfigurationName = Release;
		};
		05E1283D1769CD140093C097 /* Build configuration list for PBXNativeTarget "RemoteStep" */ = {
			isa = XCConfigurationList;
			buildConfigurations = (
				05E1283E1769CD140093C097 /* Debug */,
				05E1283F1769CD140093C097 /* Release */,
			);
			defaultConfigurationIsVisible = 0;
			defaultConfigurationName = Release;
		};
/* End XCConfigurationList section */
	};
	rootObject = 05E128121769CD140093C097 /* Project object */;
}
